// !$*UTF8*$!
{
	archiveVersion = 1;
	classes = {
	};
	objectVersion = 56;
	objects = {

/* Begin PBXBuildFile section */
		E4078B222CFF487000AAD46C /* CheckItemView.swift in Sources */ = {isa = PBXBuildFile; fileRef = E4078B212CFF487000AAD46C /* CheckItemView.swift */; };
		E40F66E02D03477B005E5D87 /* CustomTableViewCell.swift in Sources */ = {isa = PBXBuildFile; fileRef = E40F66DF2D03477B005E5D87 /* CustomTableViewCell.swift */; };
		E43B18C72C80E7D600F25D5B /* AppDelegate.swift in Sources */ = {isa = PBXBuildFile; fileRef = E43B18C62C80E7D600F25D5B /* AppDelegate.swift */; };
		E43B18C92C80E7D600F25D5B /* SceneDelegate.swift in Sources */ = {isa = PBXBuildFile; fileRef = E43B18C82C80E7D600F25D5B /* SceneDelegate.swift */; };
		E43B18CB2C80E7D600F25D5B /* HomeViewController.swift in Sources */ = {isa = PBXBuildFile; fileRef = E43B18CA2C80E7D600F25D5B /* HomeViewController.swift */; };
		E43B18D02C80E7E700F25D5B /* Assets.xcassets in Resources */ = {isa = PBXBuildFile; fileRef = E43B18CF2C80E7E700F25D5B /* Assets.xcassets */; };
		E43B18D32C80E7E700F25D5B /* Base in Resources */ = {isa = PBXBuildFile; fileRef = E43B18D22C80E7E700F25D5B /* Base */; };
		E43B18DE2C80E7EA00F25D5B /* HabitTrackerTests.swift in Sources */ = {isa = PBXBuildFile; fileRef = E43B18DD2C80E7EA00F25D5B /* HabitTrackerTests.swift */; };
		E43B18E82C80E7EC00F25D5B /* HabitTrackerUITests.swift in Sources */ = {isa = PBXBuildFile; fileRef = E43B18E72C80E7EC00F25D5B /* HabitTrackerUITests.swift */; };
		E43B18EA2C80E7EC00F25D5B /* HabitTrackerUITestsLaunchTests.swift in Sources */ = {isa = PBXBuildFile; fileRef = E43B18E92C80E7EC00F25D5B /* HabitTrackerUITestsLaunchTests.swift */; };
		E45F04492CD1666000894B1D /* RandomEmojiView.swift in Sources */ = {isa = PBXBuildFile; fileRef = E45F04482CD1666000894B1D /* RandomEmojiView.swift */; };
		E4A8179D2C8B966600059862 /* TabBarController.swift in Sources */ = {isa = PBXBuildFile; fileRef = E4A8179C2C8B966600059862 /* TabBarController.swift */; };
/* End PBXBuildFile section */

/* Begin PBXContainerItemProxy section */
		E43B18DA2C80E7E900F25D5B /* PBXContainerItemProxy */ = {
			isa = PBXContainerItemProxy;
			containerPortal = E43B18BB2C80E7D500F25D5B /* Project object */;
			proxyType = 1;
			remoteGlobalIDString = E43B18C22C80E7D600F25D5B;
			remoteInfo = HabitTracker;
		};
		E43B18E42C80E7EB00F25D5B /* PBXContainerItemProxy */ = {
			isa = PBXContainerItemProxy;
			containerPortal = E43B18BB2C80E7D500F25D5B /* Project object */;
			proxyType = 1;
			remoteGlobalIDString = E43B18C22C80E7D600F25D5B;
			remoteInfo = HabitTracker;
		};
/* End PBXContainerItemProxy section */

/* Begin PBXFileReference section */
		E4078B212CFF487000AAD46C /* CheckItemView.swift */ = {isa = PBXFileReference; lastKnownFileType = sourcecode.swift; path = CheckItemView.swift; sourceTree = "<group>"; };
		E40F66DF2D03477B005E5D87 /* CustomTableViewCell.swift */ = {isa = PBXFileReference; lastKnownFileType = sourcecode.swift; path = CustomTableViewCell.swift; sourceTree = "<group>"; };
		E43B18C32C80E7D600F25D5B /* HabitTracker.app */ = {isa = PBXFileReference; explicitFileType = wrapper.application; includeInIndex = 0; path = HabitTracker.app; sourceTree = BUILT_PRODUCTS_DIR; };
		E43B18C62C80E7D600F25D5B /* AppDelegate.swift */ = {isa = PBXFileReference; lastKnownFileType = sourcecode.swift; path = AppDelegate.swift; sourceTree = "<group>"; };
		E43B18C82C80E7D600F25D5B /* SceneDelegate.swift */ = {isa = PBXFileReference; lastKnownFileType = sourcecode.swift; path = SceneDelegate.swift; sourceTree = "<group>"; };
		E43B18CA2C80E7D600F25D5B /* HomeViewController.swift */ = {isa = PBXFileReference; lastKnownFileType = sourcecode.swift; path = HomeViewController.swift; sourceTree = "<group>"; };
		E43B18CF2C80E7E700F25D5B /* Assets.xcassets */ = {isa = PBXFileReference; lastKnownFileType = folder.assetcatalog; path = Assets.xcassets; sourceTree = "<group>"; };
		E43B18D22C80E7E700F25D5B /* Base */ = {isa = PBXFileReference; lastKnownFileType = file.storyboard; name = Base; path = Base.lproj/LaunchScreen.storyboard; sourceTree = "<group>"; };
		E43B18D42C80E7E700F25D5B /* Info.plist */ = {isa = PBXFileReference; lastKnownFileType = text.plist.xml; path = Info.plist; sourceTree = "<group>"; };
		E43B18D92C80E7E900F25D5B /* HabitTrackerTests.xctest */ = {isa = PBXFileReference; explicitFileType = wrapper.cfbundle; includeInIndex = 0; path = HabitTrackerTests.xctest; sourceTree = BUILT_PRODUCTS_DIR; };
		E43B18DD2C80E7EA00F25D5B /* HabitTrackerTests.swift */ = {isa = PBXFileReference; lastKnownFileType = sourcecode.swift; path = HabitTrackerTests.swift; sourceTree = "<group>"; };
		E43B18E32C80E7EB00F25D5B /* HabitTrackerUITests.xctest */ = {isa = PBXFileReference; explicitFileType = wrapper.cfbundle; includeInIndex = 0; path = HabitTrackerUITests.xctest; sourceTree = BUILT_PRODUCTS_DIR; };
		E43B18E72C80E7EC00F25D5B /* HabitTrackerUITests.swift */ = {isa = PBXFileReference; lastKnownFileType = sourcecode.swift; path = HabitTrackerUITests.swift; sourceTree = "<group>"; };
		E43B18E92C80E7EC00F25D5B /* HabitTrackerUITestsLaunchTests.swift */ = {isa = PBXFileReference; lastKnownFileType = sourcecode.swift; path = HabitTrackerUITestsLaunchTests.swift; sourceTree = "<group>"; };
		E45F04482CD1666000894B1D /* RandomEmojiView.swift */ = {isa = PBXFileReference; lastKnownFileType = sourcecode.swift; path = RandomEmojiView.swift; sourceTree = "<group>"; };
		E4A8179C2C8B966600059862 /* TabBarController.swift */ = {isa = PBXFileReference; lastKnownFileType = sourcecode.swift; path = TabBarController.swift; sourceTree = "<group>"; };
/* End PBXFileReference section */

/* Begin PBXFrameworksBuildPhase section */
		E43B18C02C80E7D600F25D5B /* Frameworks */ = {
			isa = PBXFrameworksBuildPhase;
			buildActionMask = 2147483647;
			files = (
			);
			runOnlyForDeploymentPostprocessing = 0;
		};
		E43B18D62C80E7E900F25D5B /* Frameworks */ = {
			isa = PBXFrameworksBuildPhase;
			buildActionMask = 2147483647;
			files = (
			);
			runOnlyForDeploymentPostprocessing = 0;
		};
		E43B18E02C80E7EB00F25D5B /* Frameworks */ = {
			isa = PBXFrameworksBuildPhase;
			buildActionMask = 2147483647;
			files = (
			);
			runOnlyForDeploymentPostprocessing = 0;
		};
/* End PBXFrameworksBuildPhase section */

/* Begin PBXGroup section */
		E43B18BA2C80E7D500F25D5B = {
			isa = PBXGroup;
			children = (
				E43B18C52C80E7D600F25D5B /* HabitTracker */,
				E43B18DC2C80E7EA00F25D5B /* HabitTrackerTests */,
				E43B18E62C80E7EC00F25D5B /* HabitTrackerUITests */,
				E43B18C42C80E7D600F25D5B /* Products */,
			);
			sourceTree = "<group>";
		};
		E43B18C42C80E7D600F25D5B /* Products */ = {
			isa = PBXGroup;
			children = (
				E43B18C32C80E7D600F25D5B /* HabitTracker.app */,
				E43B18D92C80E7E900F25D5B /* HabitTrackerTests.xctest */,
				E43B18E32C80E7EB00F25D5B /* HabitTrackerUITests.xctest */,
			);
			name = Products;
			sourceTree = "<group>";
		};
		E43B18C52C80E7D600F25D5B /* HabitTracker */ = {
			isa = PBXGroup;
			children = (
				E43B18C62C80E7D600F25D5B /* AppDelegate.swift */,
				E43B18C82C80E7D600F25D5B /* SceneDelegate.swift */,
				E43B18CA2C80E7D600F25D5B /* HomeViewController.swift */,
				E4A8179C2C8B966600059862 /* TabBarController.swift */,
				E40F66DF2D03477B005E5D87 /* CustomTableViewCell.swift */,
				E43B18CF2C80E7E700F25D5B /* Assets.xcassets */,
				E43B18D12C80E7E700F25D5B /* LaunchScreen.storyboard */,
				E43B18D42C80E7E700F25D5B /* Info.plist */,
				E45F04482CD1666000894B1D /* RandomEmojiView.swift */,
				E4078B212CFF487000AAD46C /* CheckItemView.swift */,
			);
			path = HabitTracker;
			sourceTree = "<group>";
		};
		E43B18DC2C80E7EA00F25D5B /* HabitTrackerTests */ = {
			isa = PBXGroup;
			children = (
				E43B18DD2C80E7EA00F25D5B /* HabitTrackerTests.swift */,
			);
			path = HabitTrackerTests;
			sourceTree = "<group>";
		};
		E43B18E62C80E7EC00F25D5B /* HabitTrackerUITests */ = {
			isa = PBXGroup;
			children = (
				E43B18E72C80E7EC00F25D5B /* HabitTrackerUITests.swift */,
				E43B18E92C80E7EC00F25D5B /* HabitTrackerUITestsLaunchTests.swift */,
			);
			path = HabitTrackerUITests;
			sourceTree = "<group>";
		};
/* End PBXGroup section */

/* Begin PBXNativeTarget section */
		E43B18C22C80E7D600F25D5B /* HabitTracker */ = {
			isa = PBXNativeTarget;
			buildConfigurationList = E43B18ED2C80E7EC00F25D5B /* Build configuration list for PBXNativeTarget "HabitTracker" */;
			buildPhases = (
				E43B18BF2C80E7D600F25D5B /* Sources */,
				E43B18C02C80E7D600F25D5B /* Frameworks */,
				E43B18C12C80E7D600F25D5B /* Resources */,
			);
			buildRules = (
			);
			dependencies = (
			);
			name = HabitTracker;
			productName = HabitTracker;
			productReference = E43B18C32C80E7D600F25D5B /* HabitTracker.app */;
			productType = "com.apple.product-type.application";
		};
		E43B18D82C80E7E900F25D5B /* HabitTrackerTests */ = {
			isa = PBXNativeTarget;
			buildConfigurationList = E43B18F02C80E7EC00F25D5B /* Build configuration list for PBXNativeTarget "HabitTrackerTests" */;
			buildPhases = (
				E43B18D52C80E7E900F25D5B /* Sources */,
				E43B18D62C80E7E900F25D5B /* Frameworks */,
				E43B18D72C80E7E900F25D5B /* Resources */,
			);
			buildRules = (
			);
			dependencies = (
				E43B18DB2C80E7E900F25D5B /* PBXTargetDependency */,
			);
			name = HabitTrackerTests;
			productName = HabitTrackerTests;
			productReference = E43B18D92C80E7E900F25D5B /* HabitTrackerTests.xctest */;
			productType = "com.apple.product-type.bundle.unit-test";
		};
		E43B18E22C80E7EB00F25D5B /* HabitTrackerUITests */ = {
			isa = PBXNativeTarget;
			buildConfigurationList = E43B18F32C80E7EC00F25D5B /* Build configuration list for PBXNativeTarget "HabitTrackerUITests" */;
			buildPhases = (
				E43B18DF2C80E7EB00F25D5B /* Sources */,
				E43B18E02C80E7EB00F25D5B /* Frameworks */,
				E43B18E12C80E7EB00F25D5B /* Resources */,
			);
			buildRules = (
			);
			dependencies = (
				E43B18E52C80E7EB00F25D5B /* PBXTargetDependency */,
			);
			name = HabitTrackerUITests;
			productName = HabitTrackerUITests;
			productReference = E43B18E32C80E7EB00F25D5B /* HabitTrackerUITests.xctest */;
			productType = "com.apple.product-type.bundle.ui-testing";
		};
/* End PBXNativeTarget section */

/* Begin PBXProject section */
		E43B18BB2C80E7D500F25D5B /* Project object */ = {
			isa = PBXProject;
			attributes = {
				BuildIndependentTargetsInParallel = 1;
				LastSwiftUpdateCheck = 1540;
				LastUpgradeCheck = 1540;
				TargetAttributes = {
					E43B18C22C80E7D600F25D5B = {
						CreatedOnToolsVersion = 15.4;
					};
					E43B18D82C80E7E900F25D5B = {
						CreatedOnToolsVersion = 15.4;
						TestTargetID = E43B18C22C80E7D600F25D5B;
					};
					E43B18E22C80E7EB00F25D5B = {
						CreatedOnToolsVersion = 15.4;
						TestTargetID = E43B18C22C80E7D600F25D5B;
					};
				};
			};
			buildConfigurationList = E43B18BE2C80E7D500F25D5B /* Build configuration list for PBXProject "HabitTracker" */;
			compatibilityVersion = "Xcode 14.0";
			developmentRegion = en;
			hasScannedForEncodings = 0;
			knownRegions = (
				en,
				Base,
			);
			mainGroup = E43B18BA2C80E7D500F25D5B;
			productRefGroup = E43B18C42C80E7D600F25D5B /* Products */;
			projectDirPath = "";
			projectRoot = "";
			targets = (
				E43B18C22C80E7D600F25D5B /* HabitTracker */,
				E43B18D82C80E7E900F25D5B /* HabitTrackerTests */,
				E43B18E22C80E7EB00F25D5B /* HabitTrackerUITests */,
			);
		};
/* End PBXProject section */

/* Begin PBXResourcesBuildPhase section */
		E43B18C12C80E7D600F25D5B /* Resources */ = {
			isa = PBXResourcesBuildPhase;
			buildActionMask = 2147483647;
			files = (
				E43B18D02C80E7E700F25D5B /* Assets.xcassets in Resources */,
				E43B18D32C80E7E700F25D5B /* Base in Resources */,
			);
			runOnlyForDeploymentPostprocessing = 0;
		};
		E43B18D72C80E7E900F25D5B /* Resources */ = {
			isa = PBXResourcesBuildPhase;
			buildActionMask = 2147483647;
			files = (
			);
			runOnlyForDeploymentPostprocessing = 0;
		};
		E43B18E12C80E7EB00F25D5B /* Resources */ = {
			isa = PBXResourcesBuildPhase;
			buildActionMask = 2147483647;
			files = (
			);
			runOnlyForDeploymentPostprocessing = 0;
		};
/* End PBXResourcesBuildPhase section */

/* Begin PBXSourcesBuildPhase section */
		E43B18BF2C80E7D600F25D5B /* Sources */ = {
			isa = PBXSourcesBuildPhase;
			buildActionMask = 2147483647;
			files = (
				E4078B222CFF487000AAD46C /* CheckItemView.swift in Sources */,
				E45F04492CD1666000894B1D /* RandomEmojiView.swift in Sources */,
				E43B18CB2C80E7D600F25D5B /* HomeViewController.swift in Sources */,
				E40F66E02D03477B005E5D87 /* CustomTableViewCell.swift in Sources */,
				E4A8179D2C8B966600059862 /* TabBarController.swift in Sources */,
				E43B18C72C80E7D600F25D5B /* AppDelegate.swift in Sources */,
				E43B18C92C80E7D600F25D5B /* SceneDelegate.swift in Sources */,
			);
			runOnlyForDeploymentPostprocessing = 0;
		};
		E43B18D52C80E7E900F25D5B /* Sources */ = {
			isa = PBXSourcesBuildPhase;
			buildActionMask = 2147483647;
			files = (
				E43B18DE2C80E7EA00F25D5B /* HabitTrackerTests.swift in Sources */,
			);
			runOnlyForDeploymentPostprocessing = 0;
		};
		E43B18DF2C80E7EB00F25D5B /* Sources */ = {
			isa = PBXSourcesBuildPhase;
			buildActionMask = 2147483647;
			files = (
				E43B18EA2C80E7EC00F25D5B /* HabitTrackerUITestsLaunchTests.swift in Sources */,
				E43B18E82C80E7EC00F25D5B /* HabitTrackerUITests.swift in Sources */,
			);
			runOnlyForDeploymentPostprocessing = 0;
		};
/* End PBXSourcesBuildPhase section */

/* Begin PBXTargetDependency section */
		E43B18DB2C80E7E900F25D5B /* PBXTargetDependency */ = {
			isa = PBXTargetDependency;
			target = E43B18C22C80E7D600F25D5B /* HabitTracker */;
			targetProxy = E43B18DA2C80E7E900F25D5B /* PBXContainerItemProxy */;
		};
		E43B18E52C80E7EB00F25D5B /* PBXTargetDependency */ = {
			isa = PBXTargetDependency;
			target = E43B18C22C80E7D600F25D5B /* HabitTracker */;
			targetProxy = E43B18E42C80E7EB00F25D5B /* PBXContainerItemProxy */;
		};
/* End PBXTargetDependency section */

/* Begin PBXVariantGroup section */
		E43B18D12C80E7E700F25D5B /* LaunchScreen.storyboard */ = {
			isa = PBXVariantGroup;
			children = (
				E43B18D22C80E7E700F25D5B /* Base */,
			);
			name = LaunchScreen.storyboard;
			sourceTree = "<group>";
		};
/* End PBXVariantGroup section */

/* Begin XCBuildConfiguration section */
		E43B18EB2C80E7EC00F25D5B /* Debug */ = {
			isa = XCBuildConfiguration;
			buildSettings = {
				ALWAYS_SEARCH_USER_PATHS = NO;
				ASSETCATALOG_COMPILER_GENERATE_SWIFT_ASSET_SYMBOL_EXTENSIONS = YES;
				CLANG_ANALYZER_NONNULL = YES;
				CLANG_ANALYZER_NUMBER_OBJECT_CONVERSION = YES_AGGRESSIVE;
				CLANG_CXX_LANGUAGE_STANDARD = "gnu++20";
				CLANG_ENABLE_MODULES = YES;
				CLANG_ENABLE_OBJC_ARC = YES;
				CLANG_ENABLE_OBJC_WEAK = YES;
				CLANG_WARN_BLOCK_CAPTURE_AUTORELEASING = YES;
				CLANG_WARN_BOOL_CONVERSION = YES;
				CLANG_WARN_COMMA = YES;
				CLANG_WARN_CONSTANT_CONVERSION = YES;
				CLANG_WARN_DEPRECATED_OBJC_IMPLEMENTATIONS = YES;
				CLANG_WARN_DIRECT_OBJC_ISA_USAGE = YES_ERROR;
				CLANG_WARN_DOCUMENTATION_COMMENTS = YES;
				CLANG_WARN_EMPTY_BODY = YES;
				CLANG_WARN_ENUM_CONVERSION = YES;
				CLANG_WARN_INFINITE_RECURSION = YES;
				CLANG_WARN_INT_CONVERSION = YES;
				CLANG_WARN_NON_LITERAL_NULL_CONVERSION = YES;
				CLANG_WARN_OBJC_IMPLICIT_RETAIN_SELF = YES;
				CLANG_WARN_OBJC_LITERAL_CONVERSION = YES;
				CLANG_WARN_OBJC_ROOT_CLASS = YES_ERROR;
				CLANG_WARN_QUOTED_INCLUDE_IN_FRAMEWORK_HEADER = YES;
				CLANG_WARN_RANGE_LOOP_ANALYSIS = YES;
				CLANG_WARN_STRICT_PROTOTYPES = YES;
				CLANG_WARN_SUSPICIOUS_MOVE = YES;
				CLANG_WARN_UNGUARDED_AVAILABILITY = YES_AGGRESSIVE;
				CLANG_WARN_UNREACHABLE_CODE = YES;
				CLANG_WARN__DUPLICATE_METHOD_MATCH = YES;
				COPY_PHASE_STRIP = NO;
				DEBUG_INFORMATION_FORMAT = dwarf;
				ENABLE_STRICT_OBJC_MSGSEND = YES;
				ENABLE_TESTABILITY = YES;
				ENABLE_USER_SCRIPT_SANDBOXING = YES;
				GCC_C_LANGUAGE_STANDARD = gnu17;
				GCC_DYNAMIC_NO_PIC = NO;
				GCC_NO_COMMON_BLOCKS = YES;
				GCC_OPTIMIZATION_LEVEL = 0;
				GCC_PREPROCESSOR_DEFINITIONS = (
					"DEBUG=1",
					"$(inherited)",
				);
				GCC_WARN_64_TO_32_BIT_CONVERSION = YES;
				GCC_WARN_ABOUT_RETURN_TYPE = YES_ERROR;
				GCC_WARN_UNDECLARED_SELECTOR = YES;
				GCC_WARN_UNINITIALIZED_AUTOS = YES_AGGRESSIVE;
				GCC_WARN_UNUSED_FUNCTION = YES;
				GCC_WARN_UNUSED_VARIABLE = YES;
				IPHONEOS_DEPLOYMENT_TARGET = 17.5;
				LOCALIZATION_PREFERS_STRING_CATALOGS = YES;
				MTL_ENABLE_DEBUG_INFO = INCLUDE_SOURCE;
				MTL_FAST_MATH = YES;
				ONLY_ACTIVE_ARCH = YES;
				SDKROOT = iphoneos;
				SWIFT_ACTIVE_COMPILATION_CONDITIONS = "DEBUG $(inherited)";
				SWIFT_OPTIMIZATION_LEVEL = "-Onone";
			};
			name = Debug;
		};
		E43B18EC2C80E7EC00F25D5B /* Release */ = {
			isa = XCBuildConfiguration;
			buildSettings = {
				ALWAYS_SEARCH_USER_PATHS = NO;
				ASSETCATALOG_COMPILER_GENERATE_SWIFT_ASSET_SYMBOL_EXTENSIONS = YES;
				CLANG_ANALYZER_NONNULL = YES;
				CLANG_ANALYZER_NUMBER_OBJECT_CONVERSION = YES_AGGRESSIVE;
				CLANG_CXX_LANGUAGE_STANDARD = "gnu++20";
				CLANG_ENABLE_MODULES = YES;
				CLANG_ENABLE_OBJC_ARC = YES;
				CLANG_ENABLE_OBJC_WEAK = YES;
				CLANG_WARN_BLOCK_CAPTURE_AUTORELEASING = YES;
				CLANG_WARN_BOOL_CONVERSION = YES;
				CLANG_WARN_COMMA = YES;
				CLANG_WARN_CONSTANT_CONVERSION = YES;
				CLANG_WARN_DEPRECATED_OBJC_IMPLEMENTATIONS = YES;
				CLANG_WARN_DIRECT_OBJC_ISA_USAGE = YES_ERROR;
				CLANG_WARN_DOCUMENTATION_COMMENTS = YES;
				CLANG_WARN_EMPTY_BODY = YES;
				CLANG_WARN_ENUM_CONVERSION = YES;
				CLANG_WARN_INFINITE_RECURSION = YES;
				CLANG_WARN_INT_CONVERSION = YES;
				CLANG_WARN_NON_LITERAL_NULL_CONVERSION = YES;
				CLANG_WARN_OBJC_IMPLICIT_RETAIN_SELF = YES;
				CLANG_WARN_OBJC_LITERAL_CONVERSION = YES;
				CLANG_WARN_OBJC_ROOT_CLASS = YES_ERROR;
				CLANG_WARN_QUOTED_INCLUDE_IN_FRAMEWORK_HEADER = YES;
				CLANG_WARN_RANGE_LOOP_ANALYSIS = YES;
				CLANG_WARN_STRICT_PROTOTYPES = YES;
				CLANG_WARN_SUSPICIOUS_MOVE = YES;
				CLANG_WARN_UNGUARDED_AVAILABILITY = YES_AGGRESSIVE;
				CLANG_WARN_UNREACHABLE_CODE = YES;
				CLANG_WARN__DUPLICATE_METHOD_MATCH = YES;
				COPY_PHASE_STRIP = NO;
				DEBUG_INFORMATION_FORMAT = "dwarf-with-dsym";
				ENABLE_NS_ASSERTIONS = NO;
				ENABLE_STRICT_OBJC_MSGSEND = YES;
				ENABLE_USER_SCRIPT_SANDBOXING = YES;
				GCC_C_LANGUAGE_STANDARD = gnu17;
				GCC_NO_COMMON_BLOCKS = YES;
				GCC_WARN_64_TO_32_BIT_CONVERSION = YES;
				GCC_WARN_ABOUT_RETURN_TYPE = YES_ERROR;
				GCC_WARN_UNDECLARED_SELECTOR = YES;
				GCC_WARN_UNINITIALIZED_AUTOS = YES_AGGRESSIVE;
				GCC_WARN_UNUSED_FUNCTION = YES;
				GCC_WARN_UNUSED_VARIABLE = YES;
				IPHONEOS_DEPLOYMENT_TARGET = 17.5;
				LOCALIZATION_PREFERS_STRING_CATALOGS = YES;
				MTL_ENABLE_DEBUG_INFO = NO;
				MTL_FAST_MATH = YES;
				SDKROOT = iphoneos;
				SWIFT_COMPILATION_MODE = wholemodule;
				VALIDATE_PRODUCT = YES;
			};
			name = Release;
		};
		E43B18EE2C80E7EC00F25D5B /* Debug */ = {
			isa = XCBuildConfiguration;
			buildSettings = {
				ASSETCATALOG_COMPILER_APPICON_NAME = AppIcon;
				ASSETCATALOG_COMPILER_GLOBAL_ACCENT_COLOR_NAME = AccentColor;
				CODE_SIGN_STYLE = Automatic;
				CURRENT_PROJECT_VERSION = 1;
				GENERATE_INFOPLIST_FILE = YES;
				INFOPLIST_FILE = HabitTracker/Info.plist;
				INFOPLIST_KEY_UIApplicationSupportsIndirectInputEvents = YES;
				INFOPLIST_KEY_UILaunchStoryboardName = LaunchScreen;
				INFOPLIST_KEY_UISupportedInterfaceOrientations_iPad = "UIInterfaceOrientationPortrait UIInterfaceOrientationPortraitUpsideDown UIInterfaceOrientationLandscapeLeft UIInterfaceOrientationLandscapeRight";
				INFOPLIST_KEY_UISupportedInterfaceOrientations_iPhone = "UIInterfaceOrientationPortrait UIInterfaceOrientationLandscapeLeft UIInterfaceOrientationLandscapeRight";
				LD_RUNPATH_SEARCH_PATHS = (
					"$(inherited)",
					"@executable_path/Frameworks",
				);
				MARKETING_VERSION = 1.0;
				PRODUCT_BUNDLE_IDENTIFIER = arthurbarcala.HabitTracker;
				PRODUCT_NAME = "$(TARGET_NAME)";
				SWIFT_EMIT_LOC_STRINGS = YES;
				SWIFT_VERSION = 5.0;
				TARGETED_DEVICE_FAMILY = "1,2";
			};
			name = Debug;
		};
		E43B18EF2C80E7EC00F25D5B /* Release */ = {
			isa = XCBuildConfiguration;
			buildSettings = {
				ASSETCATALOG_COMPILER_APPICON_NAME = AppIcon;
				ASSETCATALOG_COMPILER_GLOBAL_ACCENT_COLOR_NAME = AccentColor;
				CODE_SIGN_STYLE = Automatic;
				CURRENT_PROJECT_VERSION = 1;
				GENERATE_INFOPLIST_FILE = YES;
				INFOPLIST_FILE = HabitTracker/Info.plist;
				INFOPLIST_KEY_UIApplicationSupportsIndirectInputEvents = YES;
				INFOPLIST_KEY_UILaunchStoryboardName = LaunchScreen;
				INFOPLIST_KEY_UISupportedInterfaceOrientations_iPad = "UIInterfaceOrientationPortrait UIInterfaceOrientationPortraitUpsideDown UIInterfaceOrientationLandscapeLeft UIInterfaceOrientationLandscapeRight";
				INFOPLIST_KEY_UISupportedInterfaceOrientations_iPhone = "UIInterfaceOrientationPortrait UIInterfaceOrientationLandscapeLeft UIInterfaceOrientationLandscapeRight";
				LD_RUNPATH_SEARCH_PATHS = (
					"$(inherited)",
					"@executable_path/Frameworks",
				);
				MARKETING_VERSION = 1.0;
				PRODUCT_BUNDLE_IDENTIFIER = arthurbarcala.HabitTracker;
				PRODUCT_NAME = "$(TARGET_NAME)";
				SWIFT_EMIT_LOC_STRINGS = YES;
				SWIFT_VERSION = 5.0;
				TARGETED_DEVICE_FAMILY = "1,2";
			};
			name = Release;
		};
		E43B18F12C80E7EC00F25D5B /* Debug */ = {
			isa = XCBuildConfiguration;
			buildSettings = {
				ALWAYS_EMBED_SWIFT_STANDARD_LIBRARIES = YES;
				BUNDLE_LOADER = "$(TEST_HOST)";
				CODE_SIGN_STYLE = Automatic;
				CURRENT_PROJECT_VERSION = 1;
				GENERATE_INFOPLIST_FILE = YES;
				IPHONEOS_DEPLOYMENT_TARGET = 17.5;
				MARKETING_VERSION = 1.0;
				PRODUCT_BUNDLE_IDENTIFIER = arthurbarcala.HabitTrackerTests;
				PRODUCT_NAME = "$(TARGET_NAME)";
				SWIFT_EMIT_LOC_STRINGS = NO;
				SWIFT_VERSION = 5.0;
				TARGETED_DEVICE_FAMILY = "1,2";
				TEST_HOST = "$(BUILT_PRODUCTS_DIR)/HabitTracker.app/$(BUNDLE_EXECUTABLE_FOLDER_PATH)/HabitTracker";
			};
			name = Debug;
		};
		E43B18F22C80E7EC00F25D5B /* Release */ = {
			isa = XCBuildConfiguration;
			buildSettings = {
				ALWAYS_EMBED_SWIFT_STANDARD_LIBRARIES = YES;
				BUNDLE_LOADER = "$(TEST_HOST)";
				CODE_SIGN_STYLE = Automatic;
				CURRENT_PROJECT_VERSION = 1;
				GENERATE_INFOPLIST_FILE = YES;
				IPHONEOS_DEPLOYMENT_TARGET = 17.5;
				MARKETING_VERSION = 1.0;
				PRODUCT_BUNDLE_IDENTIFIER = arthurbarcala.HabitTrackerTests;
				PRODUCT_NAME = "$(TARGET_NAME)";
				SWIFT_EMIT_LOC_STRINGS = NO;
				SWIFT_VERSION = 5.0;
				TARGETED_DEVICE_FAMILY = "1,2";
				TEST_HOST = "$(BUILT_PRODUCTS_DIR)/HabitTracker.app/$(BUNDLE_EXECUTABLE_FOLDER_PATH)/HabitTracker";
			};
			name = Release;
		};
		E43B18F42C80E7EC00F25D5B /* Debug */ = {
			isa = XCBuildConfiguration;
			buildSettings = {
				ALWAYS_EMBED_SWIFT_STANDARD_LIBRARIES = YES;
				CODE_SIGN_STYLE = Automatic;
				CURRENT_PROJECT_VERSION = 1;
				GENERATE_INFOPLIST_FILE = YES;
				MARKETING_VERSION = 1.0;
				PRODUCT_BUNDLE_IDENTIFIER = arthurbarcala.HabitTrackerUITests;
				PRODUCT_NAME = "$(TARGET_NAME)";
				SWIFT_EMIT_LOC_STRINGS = NO;
				SWIFT_VERSION = 5.0;
				TARGETED_DEVICE_FAMILY = "1,2";
				TEST_TARGET_NAME = HabitTracker;
			};
			name = Debug;
		};
		E43B18F52C80E7EC00F25D5B /* Release */ = {
			isa = XCBuildConfiguration;
			buildSettings = {
				ALWAYS_EMBED_SWIFT_STANDARD_LIBRARIES = YES;
				CODE_SIGN_STYLE = Automatic;
				CURRENT_PROJECT_VERSION = 1;
				GENERATE_INFOPLIST_FILE = YES;
				MARKETING_VERSION = 1.0;
				PRODUCT_BUNDLE_IDENTIFIER = arthurbarcala.HabitTrackerUITests;
				PRODUCT_NAME = "$(TARGET_NAME)";
				SWIFT_EMIT_LOC_STRINGS = NO;
				SWIFT_VERSION = 5.0;
				TARGETED_DEVICE_FAMILY = "1,2";
				TEST_TARGET_NAME = HabitTracker;
			};
			name = Release;
		};
/* End XCBuildConfiguration section */

/* Begin XCConfigurationList section */
		E43B18BE2C80E7D500F25D5B /* Build configuration list for PBXProject "HabitTracker" */ = {
			isa = XCConfigurationList;
			buildConfigurations = (
				E43B18EB2C80E7EC00F25D5B /* Debug */,
				E43B18EC2C80E7EC00F25D5B /* Release */,
			);
			defaultConfigurationIsVisible = 0;
			defaultConfigurationName = Release;
		};
		E43B18ED2C80E7EC00F25D5B /* Build configuration list for PBXNativeTarget "HabitTracker" */ = {
			isa = XCConfigurationList;
			buildConfigurations = (
				E43B18EE2C80E7EC00F25D5B /* Debug */,
				E43B18EF2C80E7EC00F25D5B /* Release */,
			);
			defaultConfigurationIsVisible = 0;
			defaultConfigurationName = Release;
		};
		E43B18F02C80E7EC00F25D5B /* Build configuration list for PBXNativeTarget "HabitTrackerTests" */ = {
			isa = XCConfigurationList;
			buildConfigurations = (
				E43B18F12C80E7EC00F25D5B /* Debug */,
				E43B18F22C80E7EC00F25D5B /* Release */,
			);
			defaultConfigurationIsVisible = 0;
			defaultConfigurationName = Release;
		};
		E43B18F32C80E7EC00F25D5B /* Build configuration list for PBXNativeTarget "HabitTrackerUITests" */ = {
			isa = XCConfigurationList;
			buildConfigurations = (
				E43B18F42C80E7EC00F25D5B /* Debug */,
				E43B18F52C80E7EC00F25D5B /* Release */,
			);
			defaultConfigurationIsVisible = 0;
			defaultConfigurationName = Release;
		};
/* End XCConfigurationList section */
	};
	rootObject = E43B18BB2C80E7D500F25D5B /* Project object */;
}
